
Microsoft Visual Studio Solution File, Format Version 12.00
# Visual Studio Version 16
VisualStudioVersion = 16.0.30413.136
MinimumVisualStudioVersion = 10.0.40219.1
Project("{FAE04EC0-301F-11D3-BF4B-00C04F79EFBC}") = "WinFormsTestApp", "WinFormsTestApp\WinFormsTestApp.csproj", "{1DD38DCE-B2D3-49EC-8334-CEAE34D71DFA}"
EndProject
Global
	GlobalSection(SolutionConfigurationPlatforms) = preSolution
		Debug|Any CPU = Debug|Any CPU
		Release|Any CPU = Release|Any CPU
	EndGlobalSection
	GlobalSection(ProjectConfigurationPlatforms) = postSolution
		{1DD38DCE-B2D3-49EC-8334-CEAE34D71DFA}.Debug|Any CPU.ActiveCfg = Debug|Any CPU
		{1DD38DCE-B2D3-49EC-8334-CEAE34D71DFA}.Debug|Any CPU.Build.0 = Debug|Any CPU
		{1DD38DCE-B2D3-49EC-8334-CEAE34D71DFA}.Release|Any CPU.ActiveCfg = Release|Any CPU
		{1DD38DCE-B2D3-49EC-8334-CEAE34D71DFA}.Release|Any CPU.Build.0 = Release|Any CPU
	EndGlobalSection
	GlobalSection(SolutionProperties) = preSolution
		HideSolutionNode = FALSE
	EndGlobalSection
	GlobalSection(ExtensibilityGlobals) = postSolution
		SolutionGuid = {1A4971E5-4D71-4817-B188-8A42EBC19FE7}
	EndGlobalSection
EndGlobal
